{
    "_readme": [
        "This file locks the dependencies of your project to a known state",
        "Read more about it at https://getcomposer.org/doc/01-basic-usage.md#installing-dependencies",
        "This file is @generated automatically"
    ],
    "content-hash": "3d9ec1868f815bc5f3aebbc154bc44b1",
    "packages": [
        {
            "name": "henck/rtf-to-html",
            "version": "dev-master",
            "source": {
                "type": "git",
                "url": "https://github.com/henck/rtf-html-php.git",
                "reference": "22abbad59b43ebde9e49e6a7be1b93b87ba4b992"
            },
            "dist": {
                "type": "zip",
                "url": "https://api.github.com/repos/henck/rtf-html-php/zipball/22abbad59b43ebde9e49e6a7be1b93b87ba4b992",
                "reference": "22abbad59b43ebde9e49e6a7be1b93b87ba4b992",
                "shasum": ""
            },
            "type": "library",
            "autoload": {
                "classmap": [
                    "rtf-html-php.php"
                ]
            },
            "notification-url": "https://packagist.org/downloads/",
            "license": [
                "GPL-2.0"
            ],
            "authors": [
                {
                    "name": "Alexander van Oostenrijk",
                    "email": "alex.vanoostenrijk@gmail.com"
                }
            ],
            "description": "RTF to HTML converter in PHP",
            "keywords": [
                "converter",
                "rtf"
            ],
            "time": "2019-02-01T08:48:05+00:00"
        }
    ],
    "packages-dev": [],
    "aliases": [],
    "minimum-stability": "stable",
    "stability-flags": {
        "henck/rtf-to-html": 20
    },
    "prefer-stable": false,
    "prefer-lowest": false,
    "platform": [],
    "platform-dev": []
}
